
Microsoft Visual Studio Solution File, Format Version 12.00
# Visual Studio Version 16
VisualStudioVersion = 16.0.30711.63
MinimumVisualStudioVersion = 10.0.40219.1
Project("{FAE04EC0-301F-11D3-BF4B-00C04F79EFBC}") = "WpfApp1", "WpfApp1\WpfApp1.csproj", "{BD53FFC4-CB48-4E8F-B1CC-8222F2940C38}"
EndProject
Global
	GlobalSection(SolutionConfigurationPlatforms) = preSolution
		Debug|Any CPU = Debug|Any CPU
		Release|Any CPU = Release|Any CPU
	EndGlobalSection
	GlobalSection(ProjectConfigurationPlatforms) = postSolution
		{BD53FFC4-CB48-4E8F-B1CC-8222F2940C38}.Debug|Any CPU.ActiveCfg = Debug|Any CPU
		{BD53FFC4-CB48-4E8F-B1CC-8222F2940C38}.Debug|Any CPU.Build.0 = Debug|Any CPU
		{BD53FFC4-CB48-4E8F-B1CC-8222F2940C38}.Release|Any CPU.ActiveCfg = Release|Any CPU
		{BD53FFC4-CB48-4E8F-B1CC-8222F2940C38}.Release|Any CPU.Build.0 = Release|Any CPU
	EndGlobalSection
	GlobalSection(SolutionProperties) = preSolution
		HideSolutionNode = FALSE
	EndGlobalSection
	GlobalSection(ExtensibilityGlobals) = postSolution
		SolutionGuid = {C0E34205-0547-49AB-8069-91E12BF7A9B5}
	EndGlobalSection
EndGlobal
